// !$*UTF8*$!
{
	archiveVersion = 1;
	classes = {
	};
	objectVersion = 51;
	objects = {

/* Begin PBXBuildFile section */
		63E5DA1AF66C1FEC5E8898B6 /* Pods_CodeTask17.framework in Frameworks */ = {isa = PBXBuildFile; fileRef = D0FC33726D2988F457BEF520 /* Pods_CodeTask17.framework */; };
		CA477FA222A791B000F06C1B /* UIImageView+Extension.swift in Sources */ = {isa = PBXBuildFile; fileRef = CA477FA122A791B000F06C1B /* UIImageView+Extension.swift */; };
		CA4CC86C22A4B75B004F0C33 /* AppDelegate.swift in Sources */ = {isa = PBXBuildFile; fileRef = CA4CC86B22A4B75B004F0C33 /* AppDelegate.swift */; };
		CA4CC86E22A4B75B004F0C33 /* LobbyViewController.swift in Sources */ = {isa = PBXBuildFile; fileRef = CA4CC86D22A4B75B004F0C33 /* LobbyViewController.swift */; };
		CA4CC87322A4B765004F0C33 /* Assets.xcassets in Resources */ = {isa = PBXBuildFile; fileRef = CA4CC87222A4B765004F0C33 /* Assets.xcassets */; };
		CA4CC87622A4B765004F0C33 /* LaunchScreen.storyboard in Resources */ = {isa = PBXBuildFile; fileRef = CA4CC87422A4B765004F0C33 /* LaunchScreen.storyboard */; };
		CA4CC88122A4C3CC004F0C33 /* CTBaseViewController.swift in Sources */ = {isa = PBXBuildFile; fileRef = CA4CC88022A4C3CC004F0C33 /* CTBaseViewController.swift */; };
		CA4CC88522A4C7B5004F0C33 /* KingfisherWrapper.swift in Sources */ = {isa = PBXBuildFile; fileRef = CA4CC88422A4C7B5004F0C33 /* KingfisherWrapper.swift */; };
		CA4CC88822A4CA0B004F0C33 /* UICollectionView+Extension.swift in Sources */ = {isa = PBXBuildFile; fileRef = CA4CC88722A4CA0B004F0C33 /* UICollectionView+Extension.swift */; };
		CA4CC88A22A4D0ED004F0C33 /* ResultViewController.swift in Sources */ = {isa = PBXBuildFile; fileRef = CA4CC88922A4D0ED004F0C33 /* ResultViewController.swift */; };
		CA4CC88D22A4DCAC004F0C33 /* UserObject.swift in Sources */ = {isa = PBXBuildFile; fileRef = CA4CC88C22A4DCAC004F0C33 /* UserObject.swift */; };
		CA4CC88F22A4F7C0004F0C33 /* UserProvider.swift in Sources */ = {isa = PBXBuildFile; fileRef = CA4CC88E22A4F7C0004F0C33 /* UserProvider.swift */; };
		CA4CC89322A4FB14004F0C33 /* CTConstant.swift in Sources */ = {isa = PBXBuildFile; fileRef = CA4CC89222A4FB14004F0C33 /* CTConstant.swift */; };
		CA4CC89522A4FC0B004F0C33 /* Bundle+Extension.swift in Sources */ = {isa = PBXBuildFile; fileRef = CA4CC89422A4FC0B004F0C33 /* Bundle+Extension.swift */; };
		CA4CC89622A5ED2A004F0C33 /* Lobby.storyboard in Resources */ = {isa = PBXBuildFile; fileRef = CA4CC86F22A4B75B004F0C33 /* Lobby.storyboard */; };
		CA4CC89822A600C3004F0C33 /* LobbyCollectionViewCell.swift in Sources */ = {isa = PBXBuildFile; fileRef = CA4CC89722A600C3004F0C33 /* LobbyCollectionViewCell.swift */; };
/* End PBXBuildFile section */

/* Begin PBXFileReference section */
		85A134A61FC7AF0E189EB139 /* Pods-CodeTask17.release.xcconfig */ = {isa = PBXFileReference; includeInIndex = 1; lastKnownFileType = text.xcconfig; name = "Pods-CodeTask17.release.xcconfig"; path = "Target Support Files/Pods-CodeTask17/Pods-CodeTask17.release.xcconfig"; sourceTree = "<group>"; };
		CA477FA122A791B000F06C1B /* UIImageView+Extension.swift */ = {isa = PBXFileReference; lastKnownFileType = sourcecode.swift; path = "UIImageView+Extension.swift"; sourceTree = "<group>"; };
		CA4CC86822A4B75B004F0C33 /* CodeTask17.app */ = {isa = PBXFileReference; explicitFileType = wrapper.application; includeInIndex = 0; path = CodeTask17.app; sourceTree = BUILT_PRODUCTS_DIR; };
		CA4CC86B22A4B75B004F0C33 /* AppDelegate.swift */ = {isa = PBXFileReference; lastKnownFileType = sourcecode.swift; path = AppDelegate.swift; sourceTree = "<group>"; };
		CA4CC86D22A4B75B004F0C33 /* LobbyViewController.swift */ = {isa = PBXFileReference; lastKnownFileType = sourcecode.swift; path = LobbyViewController.swift; sourceTree = "<group>"; };
		CA4CC87022A4B75B004F0C33 /* Base */ = {isa = PBXFileReference; lastKnownFileType = file.storyboard; name = Base; path = Base.lproj/Lobby.storyboard; sourceTree = "<group>"; };
		CA4CC87222A4B765004F0C33 /* Assets.xcassets */ = {isa = PBXFileReference; lastKnownFileType = folder.assetcatalog; name = Assets.xcassets; path = ../Assets.xcassets; sourceTree = "<group>"; };
		CA4CC87522A4B765004F0C33 /* Base */ = {isa = PBXFileReference; lastKnownFileType = file.storyboard; name = Base; path = Base.lproj/LaunchScreen.storyboard; sourceTree = "<group>"; };
		CA4CC87722A4B765004F0C33 /* Info.plist */ = {isa = PBXFileReference; lastKnownFileType = text.plist.xml; path = Info.plist; sourceTree = "<group>"; };
		CA4CC88022A4C3CC004F0C33 /* CTBaseViewController.swift */ = {isa = PBXFileReference; lastKnownFileType = sourcecode.swift; path = CTBaseViewController.swift; sourceTree = "<group>"; };
		CA4CC88422A4C7B5004F0C33 /* KingfisherWrapper.swift */ = {isa = PBXFileReference; lastKnownFileType = sourcecode.swift; path = KingfisherWrapper.swift; sourceTree = "<group>"; };
		CA4CC88722A4CA0B004F0C33 /* UICollectionView+Extension.swift */ = {isa = PBXFileReference; lastKnownFileType = sourcecode.swift; path = "UICollectionView+Extension.swift"; sourceTree = "<group>"; };
		CA4CC88922A4D0ED004F0C33 /* ResultViewController.swift */ = {isa = PBXFileReference; lastKnownFileType = sourcecode.swift; path = ResultViewController.swift; sourceTree = "<group>"; };
		CA4CC88C22A4DCAC004F0C33 /* UserObject.swift */ = {isa = PBXFileReference; lastKnownFileType = sourcecode.swift; path = UserObject.swift; sourceTree = "<group>"; };
		CA4CC88E22A4F7C0004F0C33 /* UserProvider.swift */ = {isa = PBXFileReference; lastKnownFileType = sourcecode.swift; path = UserProvider.swift; sourceTree = "<group>"; };
		CA4CC89222A4FB14004F0C33 /* CTConstant.swift */ = {isa = PBXFileReference; lastKnownFileType = sourcecode.swift; path = CTConstant.swift; sourceTree = "<group>"; };
		CA4CC89422A4FC0B004F0C33 /* Bundle+Extension.swift */ = {isa = PBXFileReference; lastKnownFileType = sourcecode.swift; path = "Bundle+Extension.swift"; sourceTree = "<group>"; };
		CA4CC89722A600C3004F0C33 /* LobbyCollectionViewCell.swift */ = {isa = PBXFileReference; lastKnownFileType = sourcecode.swift; path = LobbyCollectionViewCell.swift; sourceTree = "<group>"; };
		D0FC33726D2988F457BEF520 /* Pods_CodeTask17.framework */ = {isa = PBXFileReference; explicitFileType = wrapper.framework; includeInIndex = 0; path = Pods_CodeTask17.framework; sourceTree = BUILT_PRODUCTS_DIR; };
		FD2D7EB3A5A87A92740179C9 /* Pods-CodeTask17.debug.xcconfig */ = {isa = PBXFileReference; includeInIndex = 1; lastKnownFileType = text.xcconfig; name = "Pods-CodeTask17.debug.xcconfig"; path = "Target Support Files/Pods-CodeTask17/Pods-CodeTask17.debug.xcconfig"; sourceTree = "<group>"; };
/* End PBXFileReference section */

/* Begin PBXFrameworksBuildPhase section */
		CA4CC86522A4B75B004F0C33 /* Frameworks */ = {
			isa = PBXFrameworksBuildPhase;
			buildActionMask = 2147483647;
			files = (
				63E5DA1AF66C1FEC5E8898B6 /* Pods_CodeTask17.framework in Frameworks */,
			);
			runOnlyForDeploymentPostprocessing = 0;
		};
/* End PBXFrameworksBuildPhase section */

/* Begin PBXGroup section */
		3A31469D569D665090E5974C /* Pods */ = {
			isa = PBXGroup;
			children = (
				FD2D7EB3A5A87A92740179C9 /* Pods-CodeTask17.debug.xcconfig */,
				85A134A61FC7AF0E189EB139 /* Pods-CodeTask17.release.xcconfig */,
			);
			path = Pods;
			sourceTree = "<group>";
		};
		9E117BCC0DF8E90EEDD98F2C /* Frameworks */ = {
			isa = PBXGroup;
			children = (
				D0FC33726D2988F457BEF520 /* Pods_CodeTask17.framework */,
			);
			name = Frameworks;
			sourceTree = "<group>";
		};
		CA4CC85F22A4B75B004F0C33 = {
			isa = PBXGroup;
			children = (
				CA4CC86A22A4B75B004F0C33 /* CodeTask17 */,
				CA4CC86922A4B75B004F0C33 /* Products */,
				3A31469D569D665090E5974C /* Pods */,
				9E117BCC0DF8E90EEDD98F2C /* Frameworks */,
			);
			sourceTree = "<group>";
		};
		CA4CC86922A4B75B004F0C33 /* Products */ = {
			isa = PBXGroup;
			children = (
				CA4CC86822A4B75B004F0C33 /* CodeTask17.app */,
			);
			name = Products;
			sourceTree = "<group>";
		};
		CA4CC86A22A4B75B004F0C33 /* CodeTask17 */ = {
			isa = PBXGroup;
			children = (
				CA4CC89022A4FAC0004F0C33 /* Resource */,
				CA4CC88622A4C9F2004F0C33 /* Extension */,
				CA4CC88322A4C790004F0C33 /* ThirdPartyWrapper */,
				CA4CC87D22A4C267004F0C33 /* Model */,
				CA4CC87F22A4C27E004F0C33 /* Controller */,
				CA4CC87E22A4C274004F0C33 /* View */,
				CA4CC86B22A4B75B004F0C33 /* AppDelegate.swift */,
				CA4CC87422A4B765004F0C33 /* LaunchScreen.storyboard */,
				CA4CC87722A4B765004F0C33 /* Info.plist */,
			);
			path = CodeTask17;
			sourceTree = "<group>";
		};
		CA4CC87D22A4C267004F0C33 /* Model */ = {
			isa = PBXGroup;
			children = (
				CA4CC88B22A4DC8C004F0C33 /* User */,
			);
			path = Model;
			sourceTree = "<group>";
		};
		CA4CC87E22A4C274004F0C33 /* View */ = {
			isa = PBXGroup;
			children = (
				CA4CC86F22A4B75B004F0C33 /* Lobby.storyboard */,
				CA4CC89722A600C3004F0C33 /* LobbyCollectionViewCell.swift */,
			);
			path = View;
			sourceTree = "<group>";
		};
		CA4CC87F22A4C27E004F0C33 /* Controller */ = {
			isa = PBXGroup;
			children = (
				CA4CC88022A4C3CC004F0C33 /* CTBaseViewController.swift */,
				CA4CC86D22A4B75B004F0C33 /* LobbyViewController.swift */,
				CA4CC88922A4D0ED004F0C33 /* ResultViewController.swift */,
			);
			path = Controller;
			sourceTree = "<group>";
		};
		CA4CC88322A4C790004F0C33 /* ThirdPartyWrapper */ = {
			isa = PBXGroup;
			children = (
				CA4CC88422A4C7B5004F0C33 /* KingfisherWrapper.swift */,
			);
			path = ThirdPartyWrapper;
			sourceTree = "<group>";
		};
		CA4CC88622A4C9F2004F0C33 /* Extension */ = {
			isa = PBXGroup;
			children = (
				CA4CC88722A4CA0B004F0C33 /* UICollectionView+Extension.swift */,
				CA4CC89422A4FC0B004F0C33 /* Bundle+Extension.swift */,
				CA477FA122A791B000F06C1B /* UIImageView+Extension.swift */,
			);
			path = Extension;
			sourceTree = "<group>";
		};
		CA4CC88B22A4DC8C004F0C33 /* User */ = {
			isa = PBXGroup;
			children = (
				CA4CC88C22A4DCAC004F0C33 /* UserObject.swift */,
				CA4CC88E22A4F7C0004F0C33 /* UserProvider.swift */,
			);
			path = User;
			sourceTree = "<group>";
		};
		CA4CC89022A4FAC0004F0C33 /* Resource */ = {
			isa = PBXGroup;
			children = (
				CA4CC89122A4FAD3004F0C33 /* Constant */,
				CA4CC87222A4B765004F0C33 /* Assets.xcassets */,
			);
			path = Resource;
			sourceTree = "<group>";
		};
		CA4CC89122A4FAD3004F0C33 /* Constant */ = {
			isa = PBXGroup;
			children = (
				CA4CC89222A4FB14004F0C33 /* CTConstant.swift */,
			);
			path = Constant;
			sourceTree = "<group>";
		};
/* End PBXGroup section */

/* Begin PBXNativeTarget section */
		CA4CC86722A4B75B004F0C33 /* CodeTask17 */ = {
			isa = PBXNativeTarget;
			buildConfigurationList = CA4CC87A22A4B765004F0C33 /* Build configuration list for PBXNativeTarget "CodeTask17" */;
			buildPhases = (
				778CB937F737463C39847044 /* [CP] Check Pods Manifest.lock */,
				CA4CC86422A4B75B004F0C33 /* Sources */,
				CA4CC86522A4B75B004F0C33 /* Frameworks */,
				CA4CC86622A4B75B004F0C33 /* Resources */,
				EE87A08A39344336E12D5170 /* [CP] Embed Pods Frameworks */,
			);
			buildRules = (
			);
			dependencies = (
			);
			name = CodeTask17;
			productName = CodeTask17;
			productReference = CA4CC86822A4B75B004F0C33 /* CodeTask17.app */;
			productType = "com.apple.product-type.application";
		};
/* End PBXNativeTarget section */

/* Begin PBXProject section */
		CA4CC86022A4B75B004F0C33 /* Project object */ = {
			isa = PBXProject;
			attributes = {
				LastSwiftUpdateCheck = 1020;
				LastUpgradeCheck = 1020;
				ORGANIZATIONNAME = lohsts;
				TargetAttributes = {
					CA4CC86722A4B75B004F0C33 = {
						CreatedOnToolsVersion = 10.2;
					};
				};
			};
			buildConfigurationList = CA4CC86322A4B75B004F0C33 /* Build configuration list for PBXProject "CodeTask17" */;
			compatibilityVersion = "Xcode 9.3";
			developmentRegion = en;
			hasScannedForEncodings = 0;
			knownRegions = (
				en,
				Base,
			);
			mainGroup = CA4CC85F22A4B75B004F0C33;
			productRefGroup = CA4CC86922A4B75B004F0C33 /* Products */;
			projectDirPath = "";
			projectRoot = "";
			targets = (
				CA4CC86722A4B75B004F0C33 /* CodeTask17 */,
			);
		};
/* End PBXProject section */

/* Begin PBXResourcesBuildPhase section */
		CA4CC86622A4B75B004F0C33 /* Resources */ = {
			isa = PBXResourcesBuildPhase;
			buildActionMask = 2147483647;
			files = (
				CA4CC87622A4B765004F0C33 /* LaunchScreen.storyboard in Resources */,
				CA4CC87322A4B765004F0C33 /* Assets.xcassets in Resources */,
				CA4CC89622A5ED2A004F0C33 /* Lobby.storyboard in Resources */,
			);
			runOnlyForDeploymentPostprocessing = 0;
		};
/* End PBXResourcesBuildPhase section */

/* Begin PBXShellScriptBuildPhase section */
		778CB937F737463C39847044 /* [CP] Check Pods Manifest.lock */ = {
			isa = PBXShellScriptBuildPhase;
			buildActionMask = 2147483647;
			files = (
			);
			inputFileListPaths = (
			);
			inputPaths = (
				"${PODS_PODFILE_DIR_PATH}/Podfile.lock",
				"${PODS_ROOT}/Manifest.lock",
			);
			name = "[CP] Check Pods Manifest.lock";
			outputFileListPaths = (
			);
			outputPaths = (
				"$(DERIVED_FILE_DIR)/Pods-CodeTask17-checkManifestLockResult.txt",
			);
			runOnlyForDeploymentPostprocessing = 0;
			shellPath = /bin/sh;
			shellScript = "diff \"${PODS_PODFILE_DIR_PATH}/Podfile.lock\" \"${PODS_ROOT}/Manifest.lock\" > /dev/null\nif [ $? != 0 ] ; then\n    # print error to STDERR\n    echo \"error: The sandbox is not in sync with the Podfile.lock. Run 'pod install' or update your CocoaPods installation.\" >&2\n    exit 1\nfi\n# This output is used by Xcode 'outputs' to avoid re-running this script phase.\necho \"SUCCESS\" > \"${SCRIPT_OUTPUT_FILE_0}\"\n";
			showEnvVarsInLog = 0;
		};
		EE87A08A39344336E12D5170 /* [CP] Embed Pods Frameworks */ = {
			isa = PBXShellScriptBuildPhase;
			buildActionMask = 2147483647;
			files = (
			);
			inputFileListPaths = (
				"${PODS_ROOT}/Target Support Files/Pods-CodeTask17/Pods-CodeTask17-frameworks-${CONFIGURATION}-input-files.xcfilelist",
			);
			name = "[CP] Embed Pods Frameworks";
			outputFileListPaths = (
				"${PODS_ROOT}/Target Support Files/Pods-CodeTask17/Pods-CodeTask17-frameworks-${CONFIGURATION}-output-files.xcfilelist",
			);
			runOnlyForDeploymentPostprocessing = 0;
			shellPath = /bin/sh;
			shellScript = "\"${PODS_ROOT}/Target Support Files/Pods-CodeTask17/Pods-CodeTask17-frameworks.sh\"\n";
			showEnvVarsInLog = 0;
		};
/* End PBXShellScriptBuildPhase section */

/* Begin PBXSourcesBuildPhase section */
		CA4CC86422A4B75B004F0C33 /* Sources */ = {
			isa = PBXSourcesBuildPhase;
			buildActionMask = 2147483647;
			files = (
				CA4CC86E22A4B75B004F0C33 /* LobbyViewController.swift in Sources */,
				CA4CC89522A4FC0B004F0C33 /* Bundle+Extension.swift in Sources */,
				CA4CC88822A4CA0B004F0C33 /* UICollectionView+Extension.swift in Sources */,
				CA4CC88522A4C7B5004F0C33 /* KingfisherWrapper.swift in Sources */,
				CA4CC88122A4C3CC004F0C33 /* CTBaseViewController.swift in Sources */,
				CA4CC89322A4FB14004F0C33 /* CTConstant.swift in Sources */,
				CA477FA222A791B000F06C1B /* UIImageView+Extension.swift in Sources */,
				CA4CC86C22A4B75B004F0C33 /* AppDelegate.swift in Sources */,
				CA4CC88A22A4D0ED004F0C33 /* ResultViewController.swift in Sources */,
				CA4CC89822A600C3004F0C33 /* LobbyCollectionViewCell.swift in Sources */,
				CA4CC88D22A4DCAC004F0C33 /* UserObject.swift in Sources */,
				CA4CC88F22A4F7C0004F0C33 /* UserProvider.swift in Sources */,
			);
			runOnlyForDeploymentPostprocessing = 0;
		};
/* End PBXSourcesBuildPhase section */

/* Begin PBXVariantGroup section */
		CA4CC86F22A4B75B004F0C33 /* Lobby.storyboard */ = {
			isa = PBXVariantGroup;
			children = (
				CA4CC87022A4B75B004F0C33 /* Base */,
			);
			name = Lobby.storyboard;
			sourceTree = "<group>";
		};
		CA4CC87422A4B765004F0C33 /* LaunchScreen.storyboard */ = {
			isa = PBXVariantGroup;
			children = (
				CA4CC87522A4B765004F0C33 /* Base */,
			);
			name = LaunchScreen.storyboard;
			sourceTree = "<group>";
		};
/* End PBXVariantGroup section */

/* Begin XCBuildConfiguration section */
		CA4CC87822A4B765004F0C33 /* Debug */ = {
			isa = XCBuildConfiguration;
			buildSettings = {
				ALWAYS_SEARCH_USER_PATHS = NO;
				CLANG_ANALYZER_NONNULL = YES;
				CLANG_ANALYZER_NUMBER_OBJECT_CONVERSION = YES_AGGRESSIVE;
				CLANG_CXX_LANGUAGE_STANDARD = "gnu++14";
				CLANG_CXX_LIBRARY = "libc++";
				CLANG_ENABLE_MODULES = YES;
				CLANG_ENABLE_OBJC_ARC = YES;
				CLANG_ENABLE_OBJC_WEAK = YES;
				CLANG_WARN_BLOCK_CAPTURE_AUTORELEASING = YES;
				CLANG_WARN_BOOL_CONVERSION = YES;
				CLANG_WARN_COMMA = YES;
				CLANG_WARN_CONSTANT_CONVERSION = YES;
				CLANG_WARN_DEPRECATED_OBJC_IMPLEMENTATIONS = YES;
				CLANG_WARN_DIRECT_OBJC_ISA_USAGE = YES_ERROR;
				CLANG_WARN_DOCUMENTATION_COMMENTS = YES;
				CLANG_WARN_EMPTY_BODY = YES;
				CLANG_WARN_ENUM_CONVERSION = YES;
				CLANG_WARN_INFINITE_RECURSION = YES;
				CLANG_WARN_INT_CONVERSION = YES;
				CLANG_WARN_NON_LITERAL_NULL_CONVERSION = YES;
				CLANG_WARN_OBJC_IMPLICIT_RETAIN_SELF = YES;
				CLANG_WARN_OBJC_LITERAL_CONVERSION = YES;
				CLANG_WARN_OBJC_ROOT_CLASS = YES_ERROR;
				CLANG_WARN_RANGE_LOOP_ANALYSIS = YES;
				CLANG_WARN_STRICT_PROTOTYPES = YES;
				CLANG_WARN_SUSPICIOUS_MOVE = YES;
				CLANG_WARN_UNGUARDED_AVAILABILITY = YES_AGGRESSIVE;
				CLANG_WARN_UNREACHABLE_CODE = YES;
				CLANG_WARN__DUPLICATE_METHOD_MATCH = YES;
				CODE_SIGN_IDENTITY = "iPhone Developer";
				COPY_PHASE_STRIP = NO;
				DEBUG_INFORMATION_FORMAT = dwarf;
				ENABLE_STRICT_OBJC_MSGSEND = YES;
				ENABLE_TESTABILITY = YES;
				GCC_C_LANGUAGE_STANDARD = gnu11;
				GCC_DYNAMIC_NO_PIC = NO;
				GCC_NO_COMMON_BLOCKS = YES;
				GCC_OPTIMIZATION_LEVEL = 0;
				GCC_PREPROCESSOR_DEFINITIONS = (
					"DEBUG=1",
					"$(inherited)",
				);
				GCC_WARN_64_TO_32_BIT_CONVERSION = YES;
				GCC_WARN_ABOUT_RETURN_TYPE = YES_ERROR;
				GCC_WARN_UNDECLARED_SELECTOR = YES;
				GCC_WARN_UNINITIALIZED_AUTOS = YES_AGGRESSIVE;
				GCC_WARN_UNUSED_FUNCTION = YES;
				GCC_WARN_UNUSED_VARIABLE = YES;
				IPHONEOS_DEPLOYMENT_TARGET = 12.2;
				MTL_ENABLE_DEBUG_INFO = INCLUDE_SOURCE;
				MTL_FAST_MATH = YES;
				ONLY_ACTIVE_ARCH = YES;
				SDKROOT = iphoneos;
				SWIFT_ACTIVE_COMPILATION_CONDITIONS = DEBUG;
				SWIFT_OPTIMIZATION_LEVEL = "-Onone";
			};
			name = Debug;
		};
		CA4CC87922A4B765004F0C33 /* Release */ = {
			isa = XCBuildConfiguration;
			buildSettings = {
				ALWAYS_SEARCH_USER_PATHS = NO;
				CLANG_ANALYZER_NONNULL = YES;
				CLANG_ANALYZER_NUMBER_OBJECT_CONVERSION = YES_AGGRESSIVE;
				CLANG_CXX_LANGUAGE_STANDARD = "gnu++14";
				CLANG_CXX_LIBRARY = "libc++";
				CLANG_ENABLE_MODULES = YES;
				CLANG_ENABLE_OBJC_ARC = YES;
				CLANG_ENABLE_OBJC_WEAK = YES;
				CLANG_WARN_BLOCK_CAPTURE_AUTORELEASING = YES;
				CLANG_WARN_BOOL_CONVERSION = YES;
				CLANG_WARN_COMMA = YES;
				CLANG_WARN_CONSTANT_CONVERSION = YES;
				CLANG_WARN_DEPRECATED_OBJC_IMPLEMENTATIONS = YES;
				CLANG_WARN_DIRECT_OBJC_ISA_USAGE = YES_ERROR;
				CLANG_WARN_DOCUMENTATION_COMMENTS = YES;
				CLANG_WARN_EMPTY_BODY = YES;
				CLANG_WARN_ENUM_CONVERSION = YES;
				CLANG_WARN_INFINITE_RECURSION = YES;
				CLANG_WARN_INT_CONVERSION = YES;
				CLANG_WARN_NON_LITERAL_NULL_CONVERSION = YES;
				CLANG_WARN_OBJC_IMPLICIT_RETAIN_SELF = YES;
				CLANG_WARN_OBJC_LITERAL_CONVERSION = YES;
				CLANG_WARN_OBJC_ROOT_CLASS = YES_ERROR;
				CLANG_WARN_RANGE_LOOP_ANALYSIS = YES;
				CLANG_WARN_STRICT_PROTOTYPES = YES;
				CLANG_WARN_SUSPICIOUS_MOVE = YES;
				CLANG_WARN_UNGUARDED_AVAILABILITY = YES_AGGRESSIVE;
				CLANG_WARN_UNREACHABLE_CODE = YES;
				CLANG_WARN__DUPLICATE_METHOD_MATCH = YES;
				CODE_SIGN_IDENTITY = "iPhone Developer";
				COPY_PHASE_STRIP = NO;
				DEBUG_INFORMATION_FORMAT = "dwarf-with-dsym";
				ENABLE_NS_ASSERTIONS = NO;
				ENABLE_STRICT_OBJC_MSGSEND = YES;
				GCC_C_LANGUAGE_STANDARD = gnu11;
				GCC_NO_COMMON_BLOCKS = YES;
				GCC_WARN_64_TO_32_BIT_CONVERSION = YES;
				GCC_WARN_ABOUT_RETURN_TYPE = YES_ERROR;
				GCC_WARN_UNDECLARED_SELECTOR = YES;
				GCC_WARN_UNINITIALIZED_AUTOS = YES_AGGRESSIVE;
				GCC_WARN_UNUSED_FUNCTION = YES;
				GCC_WARN_UNUSED_VARIABLE = YES;
				IPHONEOS_DEPLOYMENT_TARGET = 12.2;
				MTL_ENABLE_DEBUG_INFO = NO;
				MTL_FAST_MATH = YES;
				SDKROOT = iphoneos;
				SWIFT_COMPILATION_MODE = wholemodule;
				SWIFT_OPTIMIZATION_LEVEL = "-O";
				VALIDATE_PRODUCT = YES;
			};
			name = Release;
		};
		CA4CC87B22A4B765004F0C33 /* Debug */ = {
			isa = XCBuildConfiguration;
			baseConfigurationReference = FD2D7EB3A5A87A92740179C9 /* Pods-CodeTask17.debug.xcconfig */;
			buildSettings = {
				ASSETCATALOG_COMPILER_APPICON_NAME = AppIcon;
				CODE_SIGN_STYLE = Automatic;
				DEVELOPMENT_TEAM = 54Y59X3FBZ;
				INFOPLIST_FILE = CodeTask17/Info.plist;
				IPHONEOS_DEPLOYMENT_TARGET = 11.0;
				LD_RUNPATH_SEARCH_PATHS = (
					"$(inherited)",
					"@executable_path/Frameworks",
				);
				PRODUCT_BUNDLE_IDENTIFIER = lohsts.CodeTask17;
				PRODUCT_NAME = "$(TARGET_NAME)";
				SWIFT_VERSION = 5.0;
				TARGETED_DEVICE_FAMILY = "1,2";
			};
			name = Debug;
		};
		CA4CC87C22A4B765004F0C33 /* Release */ = {
			isa = XCBuildConfiguration;
			baseConfigurationReference = 85A134A61FC7AF0E189EB139 /* Pods-CodeTask17.release.xcconfig */;
			buildSettings = {
				ASSETCATALOG_COMPILER_APPICON_NAME = AppIcon;
				CODE_SIGN_STYLE = Automatic;
				DEVELOPMENT_TEAM = 54Y59X3FBZ;
				INFOPLIST_FILE = CodeTask17/Info.plist;
				IPHONEOS_DEPLOYMENT_TARGET = 11.0;
				LD_RUNPATH_SEARCH_PATHS = (
					"$(inherited)",
					"@executable_path/Frameworks",
				);
				PRODUCT_BUNDLE_IDENTIFIER = lohsts.CodeTask17;
				PRODUCT_NAME = "$(TARGET_NAME)";
				SWIFT_VERSION = 5.0;
				TARGETED_DEVICE_FAMILY = "1,2";
			};
			name = Release;
		};
/* End XCBuildConfiguration section */

/* Begin XCConfigurationList section */
		CA4CC86322A4B75B004F0C33 /* Build configuration list for PBXProject "CodeTask17" */ = {
			isa = XCConfigurationList;
			buildConfigurations = (
				CA4CC87822A4B765004F0C33 /* Debug */,
				CA4CC87922A4B765004F0C33 /* Release */,
			);
			defaultConfigurationIsVisible = 0;
			defaultConfigurationName = Release;
		};
		CA4CC87A22A4B765004F0C33 /* Build configuration list for PBXNativeTarget "CodeTask17" */ = {
			isa = XCConfigurationList;
			buildConfigurations = (
				CA4CC87B22A4B765004F0C33 /* Debug */,
				CA4CC87C22A4B765004F0C33 /* Release */,
			);
			defaultConfigurationIsVisible = 0;
			defaultConfigurationName = Release;
		};
/* End XCConfigurationList section */
	};
	rootObject = CA4CC86022A4B75B004F0C33 /* Project object */;
}
